
Microsoft Visual Studio Solution File, Format Version 12.00
# Visual Studio Version 17
VisualStudioVersion = 17.9.34728.123
MinimumVisualStudioVersion = 10.0.40219.1
Project("{FAE04EC0-301F-11D3-BF4B-00C04F79EFBC}") = "BulkyWeb", "BulkyWeb\BulkyWeb.csproj", "{0F9F7FEA-9C6E-42CC-B4A6-CBCD4E9F36DE}"
EndProject
Global
	GlobalSection(SolutionConfigurationPlatforms) = preSolution
		Debug|Any CPU = Debug|Any CPU
		Release|Any CPU = Release|Any CPU
	EndGlobalSection
	GlobalSection(ProjectConfigurationPlatforms) = postSolution
		{0F9F7FEA-9C6E-42CC-B4A6-CBCD4E9F36DE}.Debug|Any CPU.ActiveCfg = Debug|Any CPU
		{0F9F7FEA-9C6E-42CC-B4A6-CBCD4E9F36DE}.Debug|Any CPU.Build.0 = Debug|Any CPU
		{0F9F7FEA-9C6E-42CC-B4A6-CBCD4E9F36DE}.Release|Any CPU.ActiveCfg = Release|Any CPU
		{0F9F7FEA-9C6E-42CC-B4A6-CBCD4E9F36DE}.Release|Any CPU.Build.0 = Release|Any CPU
	EndGlobalSection
	GlobalSection(SolutionProperties) = preSolution
		HideSolutionNode = FALSE
	EndGlobalSection
	GlobalSection(ExtensibilityGlobals) = postSolution
		SolutionGuid = {7756CDF6-4BB0-4007-8265-AFFAE4376802}
	EndGlobalSection
EndGlobal
